// !$*UTF8*$!
{
	archiveVersion = 1;
	classes = {
	};
	objectVersion = 50;
	objects = {

/* Begin PBXBuildFile section */
		02D6FD4F23F6C72E005DF3E8 /* Planet.swift in Sources */ = {isa = PBXBuildFile; fileRef = 02D6FD4E23F6C72E005DF3E8 /* Planet.swift */; };
		02D6FD5123F6CD63005DF3E8 /* PlanetNameVC.swift in Sources */ = {isa = PBXBuildFile; fileRef = 02D6FD5023F6CD63005DF3E8 /* PlanetNameVC.swift */; };
		02F5EC7A23F573D0007FA672 /* AppDelegate.swift in Sources */ = {isa = PBXBuildFile; fileRef = 02F5EC7923F573D0007FA672 /* AppDelegate.swift */; };
		02F5EC7C23F573D0007FA672 /* SceneDelegate.swift in Sources */ = {isa = PBXBuildFile; fileRef = 02F5EC7B23F573D0007FA672 /* SceneDelegate.swift */; };
		02F5EC7E23F573D0007FA672 /* ViewController.swift in Sources */ = {isa = PBXBuildFile; fileRef = 02F5EC7D23F573D0007FA672 /* ViewController.swift */; };
		02F5EC8123F573D0007FA672 /* Main.storyboard in Resources */ = {isa = PBXBuildFile; fileRef = 02F5EC7F23F573D0007FA672 /* Main.storyboard */; };
		02F5EC8323F573D2007FA672 /* Assets.xcassets in Resources */ = {isa = PBXBuildFile; fileRef = 02F5EC8223F573D2007FA672 /* Assets.xcassets */; };
		02F5EC8623F573D2007FA672 /* LaunchScreen.storyboard in Resources */ = {isa = PBXBuildFile; fileRef = 02F5EC8423F573D2007FA672 /* LaunchScreen.storyboard */; };
		02F5EC8E23F58932007FA672 /* PlanetarySystem.swift in Sources */ = {isa = PBXBuildFile; fileRef = 02F5EC8D23F58932007FA672 /* PlanetarySystem.swift */; };
/* End PBXBuildFile section */

/* Begin PBXFileReference section */
		02D6FD4E23F6C72E005DF3E8 /* Planet.swift */ = {isa = PBXFileReference; lastKnownFileType = sourcecode.swift; path = Planet.swift; sourceTree = "<group>"; };
		02D6FD5023F6CD63005DF3E8 /* PlanetNameVC.swift */ = {isa = PBXFileReference; lastKnownFileType = sourcecode.swift; path = PlanetNameVC.swift; sourceTree = "<group>"; };
		02F5EC7623F573D0007FA672 /* HelloWorld.app */ = {isa = PBXFileReference; explicitFileType = wrapper.application; includeInIndex = 0; path = HelloWorld.app; sourceTree = BUILT_PRODUCTS_DIR; };
		02F5EC7923F573D0007FA672 /* AppDelegate.swift */ = {isa = PBXFileReference; lastKnownFileType = sourcecode.swift; path = AppDelegate.swift; sourceTree = "<group>"; };
		02F5EC7B23F573D0007FA672 /* SceneDelegate.swift */ = {isa = PBXFileReference; lastKnownFileType = sourcecode.swift; path = SceneDelegate.swift; sourceTree = "<group>"; };
		02F5EC7D23F573D0007FA672 /* ViewController.swift */ = {isa = PBXFileReference; lastKnownFileType = sourcecode.swift; path = ViewController.swift; sourceTree = "<group>"; };
		02F5EC8023F573D0007FA672 /* Base */ = {isa = PBXFileReference; lastKnownFileType = file.storyboard; name = Base; path = Base.lproj/Main.storyboard; sourceTree = "<group>"; };
		02F5EC8223F573D2007FA672 /* Assets.xcassets */ = {isa = PBXFileReference; lastKnownFileType = folder.assetcatalog; path = Assets.xcassets; sourceTree = "<group>"; };
		02F5EC8523F573D2007FA672 /* Base */ = {isa = PBXFileReference; lastKnownFileType = file.storyboard; name = Base; path = Base.lproj/LaunchScreen.storyboard; sourceTree = "<group>"; };
		02F5EC8723F573D2007FA672 /* Info.plist */ = {isa = PBXFileReference; lastKnownFileType = text.plist.xml; path = Info.plist; sourceTree = "<group>"; };
		02F5EC8D23F58932007FA672 /* PlanetarySystem.swift */ = {isa = PBXFileReference; lastKnownFileType = sourcecode.swift; path = PlanetarySystem.swift; sourceTree = "<group>"; };
/* End PBXFileReference section */

/* Begin PBXFrameworksBuildPhase section */
		02F5EC7323F573D0007FA672 /* Frameworks */ = {
			isa = PBXFrameworksBuildPhase;
			buildActionMask = 2147483647;
			files = (
			);
			runOnlyForDeploymentPostprocessing = 0;
		};
/* End PBXFrameworksBuildPhase section */

/* Begin PBXGroup section */
		02F5EC6D23F573D0007FA672 = {
			isa = PBXGroup;
			children = (
				02F5EC7823F573D0007FA672 /* HelloWorld */,
				02F5EC7723F573D0007FA672 /* Products */,
			);
			sourceTree = "<group>";
		};
		02F5EC7723F573D0007FA672 /* Products */ = {
			isa = PBXGroup;
			children = (
				02F5EC7623F573D0007FA672 /* HelloWorld.app */,
			);
			name = Products;
			sourceTree = "<group>";
		};
		02F5EC7823F573D0007FA672 /* HelloWorld */ = {
			isa = PBXGroup;
			children = (
				02F5EC7923F573D0007FA672 /* AppDelegate.swift */,
				02F5EC7B23F573D0007FA672 /* SceneDelegate.swift */,
				02D6FD4E23F6C72E005DF3E8 /* Planet.swift */,
				02F5EC7D23F573D0007FA672 /* ViewController.swift */,
				02D6FD5023F6CD63005DF3E8 /* PlanetNameVC.swift */,
				02F5EC7F23F573D0007FA672 /* Main.storyboard */,
				02F5EC8223F573D2007FA672 /* Assets.xcassets */,
				02F5EC8423F573D2007FA672 /* LaunchScreen.storyboard */,
				02F5EC8723F573D2007FA672 /* Info.plist */,
				02F5EC8D23F58932007FA672 /* PlanetarySystem.swift */,
			);
			path = HelloWorld;
			sourceTree = "<group>";
		};
/* End PBXGroup section */

/* Begin PBXNativeTarget section */
		02F5EC7523F573D0007FA672 /* HelloWorld */ = {
			isa = PBXNativeTarget;
			buildConfigurationList = 02F5EC8A23F573D2007FA672 /* Build configuration list for PBXNativeTarget "HelloWorld" */;
			buildPhases = (
				02F5EC7223F573D0007FA672 /* Sources */,
				02F5EC7323F573D0007FA672 /* Frameworks */,
				02F5EC7423F573D0007FA672 /* Resources */,
			);
			buildRules = (
			);
			dependencies = (
			);
			name = HelloWorld;
			productName = HelloWorld;
			productReference = 02F5EC7623F573D0007FA672 /* HelloWorld.app */;
			productType = "com.apple.product-type.application";
		};
/* End PBXNativeTarget section */

/* Begin PBXProject section */
		02F5EC6E23F573D0007FA672 /* Project object */ = {
			isa = PBXProject;
			attributes = {
				LastSwiftUpdateCheck = 1130;
				LastUpgradeCheck = 1130;
				ORGANIZATIONNAME = "홍정표";
				TargetAttributes = {
					02F5EC7523F573D0007FA672 = {
						CreatedOnToolsVersion = 11.3.1;
					};
				};
			};
			buildConfigurationList = 02F5EC7123F573D0007FA672 /* Build configuration list for PBXProject "HelloWorld" */;
			compatibilityVersion = "Xcode 9.3";
			developmentRegion = en;
			hasScannedForEncodings = 0;
			knownRegions = (
				en,
				Base,
			);
			mainGroup = 02F5EC6D23F573D0007FA672;
			productRefGroup = 02F5EC7723F573D0007FA672 /* Products */;
			projectDirPath = "";
			projectRoot = "";
			targets = (
				02F5EC7523F573D0007FA672 /* HelloWorld */,
			);
		};
/* End PBXProject section */

/* Begin PBXResourcesBuildPhase section */
		02F5EC7423F573D0007FA672 /* Resources */ = {
			isa = PBXResourcesBuildPhase;
			buildActionMask = 2147483647;
			files = (
				02F5EC8623F573D2007FA672 /* LaunchScreen.storyboard in Resources */,
				02F5EC8323F573D2007FA672 /* Assets.xcassets in Resources */,
				02F5EC8123F573D0007FA672 /* Main.storyboard in Resources */,
			);
			runOnlyForDeploymentPostprocessing = 0;
		};
/* End PBXResourcesBuildPhase section */

/* Begin PBXSourcesBuildPhase section */
		02F5EC7223F573D0007FA672 /* Sources */ = {
			isa = PBXSourcesBuildPhase;
			buildActionMask = 2147483647;
			files = (
				02F5EC7E23F573D0007FA672 /* ViewController.swift in Sources */,
				02F5EC8E23F58932007FA672 /* PlanetarySystem.swift in Sources */,
				02F5EC7A23F573D0007FA672 /* AppDelegate.swift in Sources */,
				02F5EC7C23F573D0007FA672 /* SceneDelegate.swift in Sources */,
				02D6FD4F23F6C72E005DF3E8 /* Planet.swift in Sources */,
				02D6FD5123F6CD63005DF3E8 /* PlanetNameVC.swift in Sources */,
			);
			runOnlyForDeploymentPostprocessing = 0;
		};
/* End PBXSourcesBuildPhase section */

/* Begin PBXVariantGroup section */
		02F5EC7F23F573D0007FA672 /* Main.storyboard */ = {
			isa = PBXVariantGroup;
			children = (
				02F5EC8023F573D0007FA672 /* Base */,
			);
			name = Main.storyboard;
			sourceTree = "<group>";
		};
		02F5EC8423F573D2007FA672 /* LaunchScreen.storyboard */ = {
			isa = PBXVariantGroup;
			children = (
				02F5EC8523F573D2007FA672 /* Base */,
			);
			name = LaunchScreen.storyboard;
			sourceTree = "<group>";
		};
/* End PBXVariantGroup section */

/* Begin XCBuildConfiguration section */
		02F5EC8823F573D2007FA672 /* Debug */ = {
			isa = XCBuildConfiguration;
			buildSettings = {
				ALWAYS_SEARCH_USER_PATHS = NO;
				CLANG_ANALYZER_NONNULL = YES;
				CLANG_ANALYZER_NUMBER_OBJECT_CONVERSION = YES_AGGRESSIVE;
				CLANG_CXX_LANGUAGE_STANDARD = "gnu++14";
				CLANG_CXX_LIBRARY = "libc++";
				CLANG_ENABLE_MODULES = YES;
				CLANG_ENABLE_OBJC_ARC = YES;
				CLANG_ENABLE_OBJC_WEAK = YES;
				CLANG_WARN_BLOCK_CAPTURE_AUTORELEASING = YES;
				CLANG_WARN_BOOL_CONVERSION = YES;
				CLANG_WARN_COMMA = YES;
				CLANG_WARN_CONSTANT_CONVERSION = YES;
				CLANG_WARN_DEPRECATED_OBJC_IMPLEMENTATIONS = YES;
				CLANG_WARN_DIRECT_OBJC_ISA_USAGE = YES_ERROR;
				CLANG_WARN_DOCUMENTATION_COMMENTS = YES;
				CLANG_WARN_EMPTY_BODY = YES;
				CLANG_WARN_ENUM_CONVERSION = YES;
				CLANG_WARN_INFINITE_RECURSION = YES;
				CLANG_WARN_INT_CONVERSION = YES;
				CLANG_WARN_NON_LITERAL_NULL_CONVERSION = YES;
				CLANG_WARN_OBJC_IMPLICIT_RETAIN_SELF = YES;
				CLANG_WARN_OBJC_LITERAL_CONVERSION = YES;
				CLANG_WARN_OBJC_ROOT_CLASS = YES_ERROR;
				CLANG_WARN_RANGE_LOOP_ANALYSIS = YES;
				CLANG_WARN_STRICT_PROTOTYPES = YES;
				CLANG_WARN_SUSPICIOUS_MOVE = YES;
				CLANG_WARN_UNGUARDED_AVAILABILITY = YES_AGGRESSIVE;
				CLANG_WARN_UNREACHABLE_CODE = YES;
				CLANG_WARN__DUPLICATE_METHOD_MATCH = YES;
				COPY_PHASE_STRIP = NO;
				DEBUG_INFORMATION_FORMAT = dwarf;
				ENABLE_STRICT_OBJC_MSGSEND = YES;
				ENABLE_TESTABILITY = YES;
				GCC_C_LANGUAGE_STANDARD = gnu11;
				GCC_DYNAMIC_NO_PIC = NO;
				GCC_NO_COMMON_BLOCKS = YES;
				GCC_OPTIMIZATION_LEVEL = 0;
				GCC_PREPROCESSOR_DEFINITIONS = (
					"DEBUG=1",
					"$(inherited)",
				);
				GCC_WARN_64_TO_32_BIT_CONVERSION = YES;
				GCC_WARN_ABOUT_RETURN_TYPE = YES_ERROR;
				GCC_WARN_UNDECLARED_SELECTOR = YES;
				GCC_WARN_UNINITIALIZED_AUTOS = YES_AGGRESSIVE;
				GCC_WARN_UNUSED_FUNCTION = YES;
				GCC_WARN_UNUSED_VARIABLE = YES;
				IPHONEOS_DEPLOYMENT_TARGET = 13.2;
				MTL_ENABLE_DEBUG_INFO = INCLUDE_SOURCE;
				MTL_FAST_MATH = YES;
				ONLY_ACTIVE_ARCH = YES;
				SDKROOT = iphoneos;
				SWIFT_ACTIVE_COMPILATION_CONDITIONS = DEBUG;
				SWIFT_OPTIMIZATION_LEVEL = "-Onone";
			};
			name = Debug;
		};
		02F5EC8923F573D2007FA672 /* Release */ = {
			isa = XCBuildConfiguration;
			buildSettings = {
				ALWAYS_SEARCH_USER_PATHS = NO;
				CLANG_ANALYZER_NONNULL = YES;
				CLANG_ANALYZER_NUMBER_OBJECT_CONVERSION = YES_AGGRESSIVE;
				CLANG_CXX_LANGUAGE_STANDARD = "gnu++14";
				CLANG_CXX_LIBRARY = "libc++";
				CLANG_ENABLE_MODULES = YES;
				CLANG_ENABLE_OBJC_ARC = YES;
				CLANG_ENABLE_OBJC_WEAK = YES;
				CLANG_WARN_BLOCK_CAPTURE_AUTORELEASING = YES;
				CLANG_WARN_BOOL_CONVERSION = YES;
				CLANG_WARN_COMMA = YES;
				CLANG_WARN_CONSTANT_CONVERSION = YES;
				CLANG_WARN_DEPRECATED_OBJC_IMPLEMENTATIONS = YES;
				CLANG_WARN_DIRECT_OBJC_ISA_USAGE = YES_ERROR;
				CLANG_WARN_DOCUMENTATION_COMMENTS = YES;
				CLANG_WARN_EMPTY_BODY = YES;
				CLANG_WARN_ENUM_CONVERSION = YES;
				CLANG_WARN_INFINITE_RECURSION = YES;
				CLANG_WARN_INT_CONVERSION = YES;
				CLANG_WARN_NON_LITERAL_NULL_CONVERSION = YES;
				CLANG_WARN_OBJC_IMPLICIT_RETAIN_SELF = YES;
				CLANG_WARN_OBJC_LITERAL_CONVERSION = YES;
				CLANG_WARN_OBJC_ROOT_CLASS = YES_ERROR;
				CLANG_WARN_RANGE_LOOP_ANALYSIS = YES;
				CLANG_WARN_STRICT_PROTOTYPES = YES;
				CLANG_WARN_SUSPICIOUS_MOVE = YES;
				CLANG_WARN_UNGUARDED_AVAILABILITY = YES_AGGRESSIVE;
				CLANG_WARN_UNREACHABLE_CODE = YES;
				CLANG_WARN__DUPLICATE_METHOD_MATCH = YES;
				COPY_PHASE_STRIP = NO;
				DEBUG_INFORMATION_FORMAT = "dwarf-with-dsym";
				ENABLE_NS_ASSERTIONS = NO;
				ENABLE_STRICT_OBJC_MSGSEND = YES;
				GCC_C_LANGUAGE_STANDARD = gnu11;
				GCC_NO_COMMON_BLOCKS = YES;
				GCC_WARN_64_TO_32_BIT_CONVERSION = YES;
				GCC_WARN_ABOUT_RETURN_TYPE = YES_ERROR;
				GCC_WARN_UNDECLARED_SELECTOR = YES;
				GCC_WARN_UNINITIALIZED_AUTOS = YES_AGGRESSIVE;
				GCC_WARN_UNUSED_FUNCTION = YES;
				GCC_WARN_UNUSED_VARIABLE = YES;
				IPHONEOS_DEPLOYMENT_TARGET = 13.2;
				MTL_ENABLE_DEBUG_INFO = NO;
				MTL_FAST_MATH = YES;
				SDKROOT = iphoneos;
				SWIFT_COMPILATION_MODE = wholemodule;
				SWIFT_OPTIMIZATION_LEVEL = "-O";
				VALIDATE_PRODUCT = YES;
			};
			name = Release;
		};
		02F5EC8B23F573D2007FA672 /* Debug */ = {
			isa = XCBuildConfiguration;
			buildSettings = {
				ASSETCATALOG_COMPILER_APPICON_NAME = AppIcon;
				CODE_SIGN_STYLE = Automatic;
				INFOPLIST_FILE = HelloWorld/Info.plist;
				LD_RUNPATH_SEARCH_PATHS = (
					"$(inherited)",
					"@executable_path/Frameworks",
				);
				PRODUCT_BUNDLE_IDENTIFIER = me.sharework.HelloWorld;
				PRODUCT_NAME = "$(TARGET_NAME)";
				SWIFT_VERSION = 5.0;
				TARGETED_DEVICE_FAMILY = "1,2";
			};
			name = Debug;
		};
		02F5EC8C23F573D2007FA672 /* Release */ = {
			isa = XCBuildConfiguration;
			buildSettings = {
				ASSETCATALOG_COMPILER_APPICON_NAME = AppIcon;
				CODE_SIGN_STYLE = Automatic;
				INFOPLIST_FILE = HelloWorld/Info.plist;
				LD_RUNPATH_SEARCH_PATHS = (
					"$(inherited)",
					"@executable_path/Frameworks",
				);
				PRODUCT_BUNDLE_IDENTIFIER = me.sharework.HelloWorld;
				PRODUCT_NAME = "$(TARGET_NAME)";
				SWIFT_VERSION = 5.0;
				TARGETED_DEVICE_FAMILY = "1,2";
			};
			name = Release;
		};
/* End XCBuildConfiguration section */

/* Begin XCConfigurationList section */
		02F5EC7123F573D0007FA672 /* Build configuration list for PBXProject "HelloWorld" */ = {
			isa = XCConfigurationList;
			buildConfigurations = (
				02F5EC8823F573D2007FA672 /* Debug */,
				02F5EC8923F573D2007FA672 /* Release */,
			);
			defaultConfigurationIsVisible = 0;
			defaultConfigurationName = Release;
		};
		02F5EC8A23F573D2007FA672 /* Build configuration list for PBXNativeTarget "HelloWorld" */ = {
			isa = XCConfigurationList;
			buildConfigurations = (
				02F5EC8B23F573D2007FA672 /* Debug */,
				02F5EC8C23F573D2007FA672 /* Release */,
			);
			defaultConfigurationIsVisible = 0;
			defaultConfigurationName = Release;
		};
/* End XCConfigurationList section */
	};
	rootObject = 02F5EC6E23F573D0007FA672 /* Project object */;
}
